
Microsoft Visual Studio Solution File, Format Version 12.00
# Visual Studio Version 17
VisualStudioVersion = 17.7.34221.43
MinimumVisualStudioVersion = 10.0.40219.1
Project("{9A19103F-16F7-4668-BE54-9A1E7A4F7556}") = "challengeApp", "challengeApp\challengeApp.csproj", "{73E8A22D-5778-4997-AB62-CD523EEAFC30}"
EndProject
Project("{FAE04EC0-301F-11D3-BF4B-00C04F79EFBC}") = "challengeApp.Tests", "challengeApp.Tests\challengeApp.Tests.csproj", "{69AAF5DF-7146-4E54-8422-B6538DD18A19}"
EndProject
Global
	GlobalSection(SolutionConfigurationPlatforms) = preSolution
		Debug|Any CPU = Debug|Any CPU
		Release|Any CPU = Release|Any CPU
	EndGlobalSection
	GlobalSection(ProjectConfigurationPlatforms) = postSolution
		{73E8A22D-5778-4997-AB62-CD523EEAFC30}.Debug|Any CPU.ActiveCfg = Debug|Any CPU
		{73E8A22D-5778-4997-AB62-CD523EEAFC30}.Debug|Any CPU.Build.0 = Debug|Any CPU
		{73E8A22D-5778-4997-AB62-CD523EEAFC30}.Release|Any CPU.ActiveCfg = Release|Any CPU
		{73E8A22D-5778-4997-AB62-CD523EEAFC30}.Release|Any CPU.Build.0 = Release|Any CPU
		{69AAF5DF-7146-4E54-8422-B6538DD18A19}.Debug|Any CPU.ActiveCfg = Debug|Any CPU
		{69AAF5DF-7146-4E54-8422-B6538DD18A19}.Debug|Any CPU.Build.0 = Debug|Any CPU
		{69AAF5DF-7146-4E54-8422-B6538DD18A19}.Release|Any CPU.ActiveCfg = Release|Any CPU
		{69AAF5DF-7146-4E54-8422-B6538DD18A19}.Release|Any CPU.Build.0 = Release|Any CPU
	EndGlobalSection
	GlobalSection(SolutionProperties) = preSolution
		HideSolutionNode = FALSE
	EndGlobalSection
	GlobalSection(ExtensibilityGlobals) = postSolution
		SolutionGuid = {BCFD2788-BC7A-4AAC-93DD-29CBFA7B07EA}
	EndGlobalSection
EndGlobal
